
Microsoft Visual Studio Solution File, Format Version 12.00
# Visual Studio 2012
Project("{8BC9CEB8-8B4A-11D0-8D11-00A0C91BC942}") = "harj7", "harj7\harj7.vcxproj", "{1F96DEE9-5DBC-4D4D-886B-950BA7E4FDE5}"
EndProject
Global
	GlobalSection(SolutionConfigurationPlatforms) = preSolution
		Debug|Win32 = Debug|Win32
		Release|Win32 = Release|Win32
	EndGlobalSection
	GlobalSection(ProjectConfigurationPlatforms) = postSolution
		{1F96DEE9-5DBC-4D4D-886B-950BA7E4FDE5}.Debug|Win32.ActiveCfg = Debug|Win32
		{1F96DEE9-5DBC-4D4D-886B-950BA7E4FDE5}.Debug|Win32.Build.0 = Debug|Win32
		{1F96DEE9-5DBC-4D4D-886B-950BA7E4FDE5}.Release|Win32.ActiveCfg = Release|Win32
		{1F96DEE9-5DBC-4D4D-886B-950BA7E4FDE5}.Release|Win32.Build.0 = Release|Win32
	EndGlobalSection
	GlobalSection(SolutionProperties) = preSolution
		HideSolutionNode = FALSE
	EndGlobalSection
EndGlobal
